<?xml version="1.0" encoding="utf-8"?>
<Project ToolsVersion="4.0" xmlns="http://schemas.microsoft.com/developer/msbuild/2003">
  <ItemGroup>
    <FxCompile Include="Shader\Texture.hlsl" />
    <FxCompile Include="Shader\Mesh.hlsl" />
    <FxCompile Include="Shader\Mesh2.hlsl" />
    <FxCompile Include="Shader\Deferred.hlsl" />
    <FxCompile Include="Shader\GBuffer.hlsl" />
    <FxCompile Include="Shader\PointLight.hlsl" />
    <FxCompile Include="Shader\ChickenMesh.hlsl" />
  </ItemGroup>
  <ItemGroup>
    <ClCompile Include="Component\Collider.cpp" />
    <ClCompile Include="Component\ComponentManager.cpp" />
    <ClCompile Include="Component\Component.cpp" />
    <ClCompile Include="Device\CSVReader.cpp" />
    <ClCompile Include="Device\Physics.cpp" />
    <ClCompile Include="Device\Random.cpp" />
    <ClCompile Include="Device\Renderer.cpp" />
    <ClCompile Include="Device\Time.cpp" />
    <ClCompile Include="Shader\Shader.cpp" />
    <ClCompile Include="Sprite\Sprite.cpp" />
    <ClCompile Include="Sprite\SpriteManager.cpp" />
    <ClCompile Include="System\Buffer.cpp" />
    <ClCompile Include="System\InputElement.cpp" />
    <ClCompile Include="Utility\Collision.cpp" />
    <ClCompile Include="System\Entry.cpp" />
    <ClCompile Include="System\Game.cpp" />
    <ClCompile Include="System\Window.cpp" />
    <ClCompile Include="Device\Sound.cpp" />
    <ClCompile Include="Component\SoundComponent.cpp" />
    <ClCompile Include="Component\MeshComponent.cpp" />
    <ClCompile Include="Component\SphereCollisionComponent.cpp" />
    <ClCompile Include="Mesh\MeshManager.cpp" />
    <ClCompile Include="System\GBuffer.cpp" />
    <ClCompile Include="Component\PointLightComponent.cpp" />
    <ClCompile Include="Utility\StringUtil.cpp" />
    <ClCompile Include="Light\PointLight.cpp" />
    <ClCompile Include="System\BlendState.cpp" />
    <ClCompile Include="System\DepthStencilState.cpp" />
    <ClCompile Include="System\RasterizerState.cpp" />
    <ClCompile Include="System\Texture.cpp" />
    <ClCompile Include="System\Texture2D.cpp" />
    <ClCompile Include="System\Format.cpp" />
    <ClCompile Include="System\Usage.cpp" />
    <ClCompile Include="System\SubResourceDesc.cpp" />
    <ClCompile Include="System\ShaderResourceView.cpp" />
    <ClCompile Include="System\VertexBuffer.cpp" />
    <ClCompile Include="System\IndexBuffer.cpp" />
    <ClCompile Include="Device\DrawString.cpp" />
    <ClCompile Include="System\Sampler.cpp" />
    <ClCompile Include="System\ComparisonFunc.cpp" />
    <ClCompile Include="System\RenderTargetView.cpp" />
    <ClCompile Include="Device\AssetsManager.cpp" />
    <ClCompile Include="Utility\LevelLoader.cpp" />
    <ClCompile Include="Utility\Singleton.cpp" />
    <ClCompile Include="System\DirectX.cpp" />
    <ClCompile Include="Component\HitPointComponent.cpp" />
    <ClCompile Include="Mesh\FBX.cpp" />
    <ClCompile Include="Utility\FileUtil.cpp" />
    <ClCompile Include="Mesh\VertexArray.cpp" />
    <ClCompile Include="Mesh\OBJ.cpp" />
    <ClCompile Include="Device\FPSCounter.cpp" />
    <ClCompile Include="Utility\Directory.cpp" />
    <ClCompile Include="DebugLayer\Debug.cpp" />
    <ClCompile Include="DebugLayer\Log.cpp" />
    <ClCompile Include="DebugLayer\FixedDebugInformation.cpp" />
    <ClCompile Include="DebugLayer\Inspector.cpp" />
    <ClCompile Include="Input\JoyPad.cpp" />
    <ClCompile Include="Input\Keyboard.cpp" />
    <ClCompile Include="Input\Mouse.cpp" />
    <ClCompile Include="Input\Input.cpp" />
    <ClCompile Include="DebugLayer\Hierarchy.cpp" />
    <ClCompile Include="Component\FriedChickenComponent.cpp" />
    <ClCompile Include="Math\Vector2.cpp" />
    <ClCompile Include="Math\Vector3.cpp" />
    <ClCompile Include="Math\Matrix3.cpp" />
    <ClCompile Include="Math\Matrix4.cpp" />
    <ClCompile Include="Math\Quaternion.cpp" />
    <ClCompile Include="Math\Vector4.cpp" />
    <ClCompile Include="GameObject\GameObject.cpp" />
    <ClCompile Include="GameObject\GameObjectManager.cpp" />
    <ClCompile Include="GameObject\GameObjectFactory.cpp" />
    <ClCompile Include="Component\Score.cpp" />
    <ClCompile Include="GameObject\Transform2D.cpp" />
    <ClCompile Include="GameObject\Transform3D.cpp" />
    <ClCompile Include="Component\JumpTarget.cpp" />
    <ClCompile Include="Component\SpriteComponent.cpp" />
    <ClCompile Include="Component\TransparentMeshComponent.cpp" />
    <ClCompile Include="Component\Camera.cpp" />
    <ClCompile Include="Component\DirectionalLight.cpp" />
    <ClCompile Include="Component\FriedChickenManager.cpp" />
    <ClCompile Include="DebugLayer\DebugUtility.cpp" />
    <ClCompile Include="Math\Plane.cpp" />
    <ClCompile Include="Component\ChickenMeshComponent.cpp" />
    <ClCompile Include="Component\TimeLimit.cpp" />
    <ClCompile Include="Component\PlayerChickenConnection.cpp" />
    <ClCompile Include="Component\ScoreEvaluation.cpp" />
    <ClCompile Include="Component\Text.cpp" />
    <ClCompile Include="Component\Bird.cpp" />
    <ClCompile Include="Component\Oil.cpp" />
    <ClCompile Include="Component\ChickenFry.cpp" />
    <ClCompile Include="Component\PlayerJump.cpp" />
    <ClCompile Include="Component\PlayerComponent.cpp" />
    <ClCompile Include="Component\PlayerWalk.cpp" />
    <ClCompile Include="Component\ChickenColorChanger.cpp" />
    <ClCompile Include="Component\Field.cpp" />
    <ClCompile Include="Component\Sprite3D.cpp" />
    <ClCompile Include="Component\BirdOrbit.cpp" />
    <ClCompile Include="Component\Scene\ResultScene.cpp" />
    <ClCompile Include="Scene\SceneManager.cpp" />
    <ClCompile Include="Component\Scene\Scene.cpp" />
    <ClCompile Include="Component\Scene\GamePlay.cpp" />
    <ClCompile Include="Component\Scene\Title.cpp" />
    <ClCompile Include="Component\Scene\OperationExplanation.cpp" />
    <ClCompile Include="Component\ChickenRise.cpp" />
    <ClCompile Include="Component\ResultChickenFall.cpp" />
    <ClCompile Include="Component\ResultRank.cpp" />
    <ClCompile Include="Component\ResultChicken.cpp" />
    <ClCompile Include="Component\ResultChickenManager.cpp" />
    <ClCompile Include="Component\Fade.cpp" />
    <ClCompile Include="GameObject\Pivot.cpp" />
    <ClCompile Include="Input\InputUtility.cpp" />
    <ClCompile Include="Component\ChickenExclamation.cpp" />
    <ClCompile Include="DebugLayer\Pause.cpp" />
    <ClCompile Include="DebugLayer\Button.cpp" />
    <ClCompile Include="Device\Subject.cpp" />
    <ClCompile Include="Component\CircleCollision.cpp" />
  </ItemGroup>
  <ItemGroup>
    <ClInclude Include="Component\Collider.h" />
    <ClInclude Include="Component\ComponentManager.h" />
    <ClInclude Include="Component\Component.h" />
    <ClInclude Include="Device\CSVReader.h" />
    <ClInclude Include="Device\Physics.h" />
    <ClInclude Include="Device\Random.h" />
    <ClInclude Include="Device\Renderer.h" />
    <ClInclude Include="Device\Time.h" />
    <ClInclude Include="Shader\Shader.h" />
    <ClInclude Include="Sprite\Sprite.h" />
    <ClInclude Include="Sprite\SpriteManager.h" />
    <ClInclude Include="System\Buffer.h" />
    <ClInclude Include="System\BufferDesc.h" />
    <ClInclude Include="System\InputElement.h" />
    <ClInclude Include="System\InputElementDesc.h" />
    <ClInclude Include="System\SubResourceDesc.h" />
    <ClInclude Include="System\TextureDesc.h" />
    <ClInclude Include="Utility\Collision.h" />
    <ClInclude Include="System\DirectXIncLib.h" />
    <ClInclude Include="System\Game.h" />
    <ClInclude Include="System\Window.h" />
    <ClInclude Include="Device\Sound.h" />
    <ClInclude Include="Component\SoundComponent.h" />
    <ClInclude Include="Component\MeshComponent.h" />
    <ClInclude Include="Component\SphereCollisionComponent.h" />
    <ClInclude Include="Mesh\MeshManager.h" />
    <ClInclude Include="System\GBuffer.h" />
    <ClInclude Include="Component\PointLightComponent.h" />
    <ClInclude Include="Mesh\Material.h" />
    <ClInclude Include="Utility\StringUtil.h" />
    <ClInclude Include="Light\PointLight.h" />
    <ClInclude Include="System\BlendState.h" />
    <ClInclude Include="System\BlendDesc.h" />
    <ClInclude Include="System\DepthStencilState.h" />
    <ClInclude Include="System\DepthStencilDesc.h" />
    <ClInclude Include="System\RasterizerState.h" />
    <ClInclude Include="System\RasterizerDesc.h" />
    <ClInclude Include="System\Texture.h" />
    <ClInclude Include="System\ShaderResourceViewDesc.h" />
    <ClInclude Include="System\Texture2DDesc.h" />
    <ClInclude Include="System\Format.h" />
    <ClInclude Include="System\Texture2D.h" />
    <ClInclude Include="System\Usage.h" />
    <ClInclude Include="System\ShaderResourceView.h" />
    <ClInclude Include="System\VertexBuffer.h" />
    <ClInclude Include="System\IndexBuffer.h" />
    <ClInclude Include="Device\DrawString.h" />
    <ClInclude Include="System\SamplerDesc.h" />
    <ClInclude Include="System\Sampler.h" />
    <ClInclude Include="System\ComparisonFunc.h" />
    <ClInclude Include="System\RenderTargetViewDesc.h" />
    <ClInclude Include="System\RenderTargetView.h" />
    <ClInclude Include="Device\AssetsManager.h" />
    <ClInclude Include="Utility\LevelLoader.h" />
    <ClInclude Include="Utility\Singleton.h" />
    <ClInclude Include="System\DirectX.h" />
    <ClInclude Include="Component\HitPointComponent.h" />
    <ClInclude Include="Mesh\FBX.h" />
    <ClInclude Include="Mesh\IMeshLoader.h" />
    <ClInclude Include="Utility\FileUtil.h" />
    <ClInclude Include="Mesh\VertexArray.h" />
    <ClInclude Include="Mesh\OBJ.h" />
    <ClInclude Include="Device\FPSCounter.h" />
    <ClInclude Include="Utility\Directory.h" />
    <ClInclude Include="DebugLayer\Debug.h" />
    <ClInclude Include="DebugLayer\Log.h" />
    <ClInclude Include="DebugLayer\FixedDebugInformation.h" />
    <ClInclude Include="DebugLayer\Inspector.h" />
    <ClInclude Include="Input\JoyPad.h" />
    <ClInclude Include="Input\Keyboard.h" />
    <ClInclude Include="Input\Mouse.h" />
    <ClInclude Include="Input\Input.h" />
    <ClInclude Include="DebugLayer\Hierarchy.h" />
    <ClInclude Include="Component\FriedChickenComponent.h" />
    <ClInclude Include="Math\Vector2.h" />
    <ClInclude Include="Math\Math.h" />
    <ClInclude Include="Math\Vector3.h" />
    <ClInclude Include="Math\Matrix3.h" />
    <ClInclude Include="Math\Matrix4.h" />
    <ClInclude Include="Math\Quaternion.h" />
    <ClInclude Include="Math\Vector4.h" />
    <ClInclude Include="Math\MathUtility.h" />
    <ClInclude Include="GameObject\GameObject.h" />
    <ClInclude Include="GameObject\GameObjectManager.h" />
    <ClInclude Include="GameObject\GameObjectFactory.h" />
    <ClInclude Include="Component\Score.h" />
    <ClInclude Include="GameObject\Transform2D.h" />
    <ClInclude Include="GameObject\Transform3D.h" />
    <ClInclude Include="Component\JumpTarget.h" />
    <ClInclude Include="Component\SpriteComponent.h" />
    <ClInclude Include="Component\TransparentMeshComponent.h" />
    <ClInclude Include="Component\Camera.h" />
    <ClInclude Include="Component\DirectionalLight.h" />
    <ClInclude Include="Component\FriedChickenManager.h" />
    <ClInclude Include="DebugLayer\DebugUtility.h" />
    <ClInclude Include="Math\Plane.h" />
    <ClInclude Include="Component\ChickenMeshComponent.h" />
    <ClInclude Include="Component\TimeLimit.h" />
    <ClInclude Include="Component\PlayerChickenConnection.h" />
    <ClInclude Include="Component\ScoreEvaluation.h" />
    <ClInclude Include="Component\Text.h" />
    <ClInclude Include="Component\Bird.h" />
    <ClInclude Include="Component\Oil.h" />
    <ClInclude Include="Component\ChickenFry.h" />
    <ClInclude Include="Component\PlayerJump.h" />
    <ClInclude Include="Component\PlayerComponent.h" />
    <ClInclude Include="Component\PlayerWalk.h" />
    <ClInclude Include="Component\IPlayerJump.h" />
    <ClInclude Include="Component\IPlayerWalk.h" />
    <ClInclude Include="Component\FryState.h" />
    <ClInclude Include="Component\ChickenColorChanger.h" />
    <ClInclude Include="Component\ChickenSurface.h" />
    <ClInclude Include="Component\Field.h" />
    <ClInclude Include="Component\IChickenFry.h" />
    <ClInclude Include="Component\IMesh.h" />
    <ClInclude Include="Component\Sprite3D.h" />
    <ClInclude Include="Component\BirdOrbit.h" />
    <ClInclude Include="Component\Scene\ResultScene.h" />
    <ClInclude Include="Scene\SceneManager.h" />
    <ClInclude Include="Component\Scene\Scene.h" />
    <ClInclude Include="Component\Scene\GamePlay.h" />
    <ClInclude Include="Component\Scene\Title.h" />
    <ClInclude Include="Component\Scene\OperationExplanation.h" />
    <ClInclude Include="Component\ChickenRise.h" />
    <ClInclude Include="Component\ResultChickenFall.h" />
    <ClInclude Include="Component\ResultRank.h" />
    <ClInclude Include="Component\ResultChicken.h" />
    <ClInclude Include="Component\ResultChickenManager.h" />
    <ClInclude Include="Component\Fade.h" />
    <ClInclude Include="GameObject\Pivot.h" />
    <ClInclude Include="Component\Rank.h" />
    <ClInclude Include="Input\InputUtility.h" />
    <ClInclude Include="Input\IKeyboard.h" />
    <ClInclude Include="Input\IMouse.h" />
    <ClInclude Include="Component\ChickenExclamation.h" />
    <ClInclude Include="DebugLayer\Pause.h" />
    <ClInclude Include="DebugLayer\Button.h" />
    <ClInclude Include="DebugLayer\IButton.h" />
    <ClInclude Include="Device\Subject.h" />
    <ClInclude Include="Component\CircleCollision.h" />
  </ItemGroup>
</Project>